
Microsoft Visual Studio Solution File, Format Version 12.00
# Visual Studio Version 17
VisualStudioVersion = 17.1.32421.90
MinimumVisualStudioVersion = 10.0.40219.1
Project("{FAE04EC0-301F-11D3-BF4B-00C04F79EFBC}") = "XamEFCore.Android", "XamEFCore\XamEFCore.Android\XamEFCore.Android.csproj", "{2D20D874-30B2-4DDD-AB3E-5FC3618440F0}"
EndProject
Project("{FAE04EC0-301F-11D3-BF4B-00C04F79EFBC}") = "XamEFCore.iOS", "XamEFCore\XamEFCore.iOS\XamEFCore.iOS.csproj", "{67C95A41-1CAF-42E4-9FFC-0DB9C08FC9E5}"
EndProject
Project("{FAE04EC0-301F-11D3-BF4B-00C04F79EFBC}") = "XamEFCore", "XamEFCore\XamEFCore\XamEFCore.csproj", "{662260D7-2155-4572-A4D4-05320E404E66}"
EndProject
Global
	GlobalSection(SolutionConfigurationPlatforms) = preSolution
		Debug|Any CPU = Debug|Any CPU
		Debug|iPhone = Debug|iPhone
		Debug|iPhoneSimulator = Debug|iPhoneSimulator
		Release|Any CPU = Release|Any CPU
		Release|iPhone = Release|iPhone
		Release|iPhoneSimulator = Release|iPhoneSimulator
	EndGlobalSection
	GlobalSection(ProjectConfigurationPlatforms) = postSolution
		{2D20D874-30B2-4DDD-AB3E-5FC3618440F0}.Debug|Any CPU.ActiveCfg = Debug|Any CPU
		{2D20D874-30B2-4DDD-AB3E-5FC3618440F0}.Debug|Any CPU.Build.0 = Debug|Any CPU
		{2D20D874-30B2-4DDD-AB3E-5FC3618440F0}.Debug|Any CPU.Deploy.0 = Debug|Any CPU
		{2D20D874-30B2-4DDD-AB3E-5FC3618440F0}.Debug|iPhone.ActiveCfg = Debug|Any CPU
		{2D20D874-30B2-4DDD-AB3E-5FC3618440F0}.Debug|iPhone.Build.0 = Debug|Any CPU
		{2D20D874-30B2-4DDD-AB3E-5FC3618440F0}.Debug|iPhone.Deploy.0 = Debug|Any CPU
		{2D20D874-30B2-4DDD-AB3E-5FC3618440F0}.Debug|iPhoneSimulator.ActiveCfg = Debug|Any CPU
		{2D20D874-30B2-4DDD-AB3E-5FC3618440F0}.Debug|iPhoneSimulator.Build.0 = Debug|Any CPU
		{2D20D874-30B2-4DDD-AB3E-5FC3618440F0}.Debug|iPhoneSimulator.Deploy.0 = Debug|Any CPU
		{2D20D874-30B2-4DDD-AB3E-5FC3618440F0}.Release|Any CPU.ActiveCfg = Release|Any CPU
		{2D20D874-30B2-4DDD-AB3E-5FC3618440F0}.Release|Any CPU.Build.0 = Release|Any CPU
		{2D20D874-30B2-4DDD-AB3E-5FC3618440F0}.Release|Any CPU.Deploy.0 = Release|Any CPU
		{2D20D874-30B2-4DDD-AB3E-5FC3618440F0}.Release|iPhone.ActiveCfg = Release|Any CPU
		{2D20D874-30B2-4DDD-AB3E-5FC3618440F0}.Release|iPhone.Build.0 = Release|Any CPU
		{2D20D874-30B2-4DDD-AB3E-5FC3618440F0}.Release|iPhone.Deploy.0 = Release|Any CPU
		{2D20D874-30B2-4DDD-AB3E-5FC3618440F0}.Release|iPhoneSimulator.ActiveCfg = Release|Any CPU
		{2D20D874-30B2-4DDD-AB3E-5FC3618440F0}.Release|iPhoneSimulator.Build.0 = Release|Any CPU
		{2D20D874-30B2-4DDD-AB3E-5FC3618440F0}.Release|iPhoneSimulator.Deploy.0 = Release|Any CPU
		{67C95A41-1CAF-42E4-9FFC-0DB9C08FC9E5}.Debug|Any CPU.ActiveCfg = Debug|iPhone
		{67C95A41-1CAF-42E4-9FFC-0DB9C08FC9E5}.Debug|Any CPU.Build.0 = Debug|iPhone
		{67C95A41-1CAF-42E4-9FFC-0DB9C08FC9E5}.Debug|Any CPU.Deploy.0 = Debug|iPhone
		{67C95A41-1CAF-42E4-9FFC-0DB9C08FC9E5}.Debug|iPhone.ActiveCfg = Debug|iPhone
		{67C95A41-1CAF-42E4-9FFC-0DB9C08FC9E5}.Debug|iPhone.Build.0 = Debug|iPhone
		{67C95A41-1CAF-42E4-9FFC-0DB9C08FC9E5}.Debug|iPhone.Deploy.0 = Debug|iPhone
		{67C95A41-1CAF-42E4-9FFC-0DB9C08FC9E5}.Debug|iPhoneSimulator.ActiveCfg = Debug|iPhoneSimulator
		{67C95A41-1CAF-42E4-9FFC-0DB9C08FC9E5}.Debug|iPhoneSimulator.Build.0 = Debug|iPhoneSimulator
		{67C95A41-1CAF-42E4-9FFC-0DB9C08FC9E5}.Debug|iPhoneSimulator.Deploy.0 = Debug|iPhoneSimulator
		{67C95A41-1CAF-42E4-9FFC-0DB9C08FC9E5}.Release|Any CPU.ActiveCfg = Release|iPhoneSimulator
		{67C95A41-1CAF-42E4-9FFC-0DB9C08FC9E5}.Release|Any CPU.Build.0 = Release|iPhoneSimulator
		{67C95A41-1CAF-42E4-9FFC-0DB9C08FC9E5}.Release|Any CPU.Deploy.0 = Release|iPhoneSimulator
		{67C95A41-1CAF-42E4-9FFC-0DB9C08FC9E5}.Release|iPhone.ActiveCfg = Release|iPhone
		{67C95A41-1CAF-42E4-9FFC-0DB9C08FC9E5}.Release|iPhone.Build.0 = Release|iPhone
		{67C95A41-1CAF-42E4-9FFC-0DB9C08FC9E5}.Release|iPhone.Deploy.0 = Release|iPhone
		{67C95A41-1CAF-42E4-9FFC-0DB9C08FC9E5}.Release|iPhoneSimulator.ActiveCfg = Release|iPhoneSimulator
		{67C95A41-1CAF-42E4-9FFC-0DB9C08FC9E5}.Release|iPhoneSimulator.Build.0 = Release|iPhoneSimulator
		{67C95A41-1CAF-42E4-9FFC-0DB9C08FC9E5}.Release|iPhoneSimulator.Deploy.0 = Release|iPhoneSimulator
		{662260D7-2155-4572-A4D4-05320E404E66}.Debug|Any CPU.ActiveCfg = Debug|Any CPU
		{662260D7-2155-4572-A4D4-05320E404E66}.Debug|Any CPU.Build.0 = Debug|Any CPU
		{662260D7-2155-4572-A4D4-05320E404E66}.Debug|Any CPU.Deploy.0 = Debug|Any CPU
		{662260D7-2155-4572-A4D4-05320E404E66}.Debug|iPhone.ActiveCfg = Debug|Any CPU
		{662260D7-2155-4572-A4D4-05320E404E66}.Debug|iPhone.Build.0 = Debug|Any CPU
		{662260D7-2155-4572-A4D4-05320E404E66}.Debug|iPhone.Deploy.0 = Debug|Any CPU
		{662260D7-2155-4572-A4D4-05320E404E66}.Debug|iPhoneSimulator.ActiveCfg = Debug|Any CPU
		{662260D7-2155-4572-A4D4-05320E404E66}.Debug|iPhoneSimulator.Build.0 = Debug|Any CPU
		{662260D7-2155-4572-A4D4-05320E404E66}.Debug|iPhoneSimulator.Deploy.0 = Debug|Any CPU
		{662260D7-2155-4572-A4D4-05320E404E66}.Release|Any CPU.ActiveCfg = Release|Any CPU
		{662260D7-2155-4572-A4D4-05320E404E66}.Release|Any CPU.Build.0 = Release|Any CPU
		{662260D7-2155-4572-A4D4-05320E404E66}.Release|Any CPU.Deploy.0 = Release|Any CPU
		{662260D7-2155-4572-A4D4-05320E404E66}.Release|iPhone.ActiveCfg = Release|Any CPU
		{662260D7-2155-4572-A4D4-05320E404E66}.Release|iPhone.Build.0 = Release|Any CPU
		{662260D7-2155-4572-A4D4-05320E404E66}.Release|iPhone.Deploy.0 = Release|Any CPU
		{662260D7-2155-4572-A4D4-05320E404E66}.Release|iPhoneSimulator.ActiveCfg = Release|Any CPU
		{662260D7-2155-4572-A4D4-05320E404E66}.Release|iPhoneSimulator.Build.0 = Release|Any CPU
		{662260D7-2155-4572-A4D4-05320E404E66}.Release|iPhoneSimulator.Deploy.0 = Release|Any CPU
	EndGlobalSection
	GlobalSection(SolutionProperties) = preSolution
		HideSolutionNode = FALSE
	EndGlobalSection
	GlobalSection(ExtensibilityGlobals) = postSolution
		SolutionGuid = {6D4794BB-F072-4DB2-8D28-BAA37BA6F803}
	EndGlobalSection
EndGlobal
